// !$*UTF8*$!
{
	archiveVersion = 1;
	classes = {
	};
	objectVersion = 46;
	objects = {

/* Begin PBXBuildFile section */
		1C5CF0831DB069A4002D8A05 /* LeftDrawerTableViewCell.m in Sources */ = {isa = PBXBuildFile; fileRef = 1C5CF0821DB069A4002D8A05 /* LeftDrawerTableViewCell.m */; };
		1C5D3E3C1DADCC1E008529C0 /* main.m in Sources */ = {isa = PBXBuildFile; fileRef = 1C5D3E3B1DADCC1E008529C0 /* main.m */; };
		1C5D3E3F1DADCC1E008529C0 /* AppDelegate.m in Sources */ = {isa = PBXBuildFile; fileRef = 1C5D3E3E1DADCC1E008529C0 /* AppDelegate.m */; };
		1C5D3E421DADCC1E008529C0 /* ViewController.m in Sources */ = {isa = PBXBuildFile; fileRef = 1C5D3E411DADCC1E008529C0 /* ViewController.m */; };
		1C5D3E451DADCC1E008529C0 /* Main.storyboard in Resources */ = {isa = PBXBuildFile; fileRef = 1C5D3E431DADCC1E008529C0 /* Main.storyboard */; };
		1C5D3E471DADCC1E008529C0 /* Assets.xcassets in Resources */ = {isa = PBXBuildFile; fileRef = 1C5D3E461DADCC1E008529C0 /* Assets.xcassets */; };
		1C5D3E4A1DADCC1E008529C0 /* LaunchScreen.storyboard in Resources */ = {isa = PBXBuildFile; fileRef = 1C5D3E481DADCC1E008529C0 /* LaunchScreen.storyboard */; };
		1C5D3E551DADCC1E008529C0 /* BearUpTests.m in Sources */ = {isa = PBXBuildFile; fileRef = 1C5D3E541DADCC1E008529C0 /* BearUpTests.m */; };
		1C5D3E601DADCC1E008529C0 /* BearUpUITests.m in Sources */ = {isa = PBXBuildFile; fileRef = 1C5D3E5F1DADCC1E008529C0 /* BearUpUITests.m */; };
		1C5D3E701DADD289008529C0 /* BaseNavigationController.m in Sources */ = {isa = PBXBuildFile; fileRef = 1C5D3E6F1DADD289008529C0 /* BaseNavigationController.m */; };
		1C5D3E731DADD2B0008529C0 /* BaseViewController.m in Sources */ = {isa = PBXBuildFile; fileRef = 1C5D3E721DADD2B0008529C0 /* BaseViewController.m */; };
		1C5D3E791DADDCFD008529C0 /* HomeDrawerViewController.m in Sources */ = {isa = PBXBuildFile; fileRef = 1C5D3E781DADDCFD008529C0 /* HomeDrawerViewController.m */; };
		1C5D3E7C1DADE171008529C0 /* LeftDrawerViewController.m in Sources */ = {isa = PBXBuildFile; fileRef = 1C5D3E7B1DADE171008529C0 /* LeftDrawerViewController.m */; };
		1C5D3E7F1DADE184008529C0 /* RightDrawerViewController.m in Sources */ = {isa = PBXBuildFile; fileRef = 1C5D3E7E1DADE184008529C0 /* RightDrawerViewController.m */; };
		1C5D3E881DAE34B0008529C0 /* MMExampleDrawerVisualStateManager.m in Sources */ = {isa = PBXBuildFile; fileRef = 1C5D3E871DAE34B0008529C0 /* MMExampleDrawerVisualStateManager.m */; };
		1C69CDE11DBDB96F00A66752 /* LHTTPManager.m in Sources */ = {isa = PBXBuildFile; fileRef = 1C69CDE01DBDB96F00A66752 /* LHTTPManager.m */; };
		1C78FFE31DBF07400012F1CA /* AVFoundation.framework in Frameworks */ = {isa = PBXBuildFile; fileRef = 1C78FFE21DBF07400012F1CA /* AVFoundation.framework */; };
		1C78FFE61DBF335F0012F1CA /* HomeCellModel.m in Sources */ = {isa = PBXBuildFile; fileRef = 1C78FFE51DBF335F0012F1CA /* HomeCellModel.m */; };
		1C79B8781DAF213700B5AFC5 /* TitleView.m in Sources */ = {isa = PBXBuildFile; fileRef = 1C79B8771DAF213700B5AFC5 /* TitleView.m */; };
		1C79B87B1DAF219900B5AFC5 /* UIViewExt.m in Sources */ = {isa = PBXBuildFile; fileRef = 1C79B87A1DAF219900B5AFC5 /* UIViewExt.m */; };
		1C79B8851DAF2E7500B5AFC5 /* HomeViewController.m in Sources */ = {isa = PBXBuildFile; fileRef = 1C79B8841DAF2E7500B5AFC5 /* HomeViewController.m */; };
		1C79B88A1DAF331600B5AFC5 /* LaunchViewController.m in Sources */ = {isa = PBXBuildFile; fileRef = 1C79B8891DAF331600B5AFC5 /* LaunchViewController.m */; };
		1C79B88C1DAF545200B5AFC5 /* Images.xcassets in Resources */ = {isa = PBXBuildFile; fileRef = 1C79B88B1DAF545200B5AFC5 /* Images.xcassets */; };
		1C79B88D1DAF67A400B5AFC5 /* PMingLiU.ttf in Resources */ = {isa = PBXBuildFile; fileRef = 1C79B8861DAF30BE00B5AFC5 /* PMingLiU.ttf */; };
		1C7F11341DB47E75008A259F /* HomeCollectionViewCell.m in Sources */ = {isa = PBXBuildFile; fileRef = 1C7F11331DB47E75008A259F /* HomeCollectionViewCell.m */; };
		1C7F11381DB49D3D008A259F /* LTHTTPSessionManager.m in Sources */ = {isa = PBXBuildFile; fileRef = 1C7F11371DB49D3D008A259F /* LTHTTPSessionManager.m */; };
		1C84E6A21DB9F74C00C49B9A /* refresh_1.gif in Resources */ = {isa = PBXBuildFile; fileRef = 1C84E6A11DB9F74C00C49B9A /* refresh_1.gif */; };
		1C84E6A41DB9F75500C49B9A /* refresh_2.gif in Resources */ = {isa = PBXBuildFile; fileRef = 1C84E6A31DB9F75500C49B9A /* refresh_2.gif */; };
		1C95E88C1DB85E9D00673E4C /* OtherViewController.m in Sources */ = {isa = PBXBuildFile; fileRef = 1C95E88B1DB85E9D00673E4C /* OtherViewController.m */; };
		1C95E8911DB860D800673E4C /* OtherTableViewCell.m in Sources */ = {isa = PBXBuildFile; fileRef = 1C95E8901DB860D800673E4C /* OtherTableViewCell.m */; };
		5C4295645C0EF67F394DA58B /* libPods-BearUp.a in Frameworks */ = {isa = PBXBuildFile; fileRef = E4161CD937EBED28FA5F69BC /* libPods-BearUp.a */; };
/* End PBXBuildFile section */

/* Begin PBXContainerItemProxy section */
		1C5D3E511DADCC1E008529C0 /* PBXContainerItemProxy */ = {
			isa = PBXContainerItemProxy;
			containerPortal = 1C5D3E2F1DADCC1E008529C0 /* Project object */;
			proxyType = 1;
			remoteGlobalIDString = 1C5D3E361DADCC1E008529C0;
			remoteInfo = BearUp;
		};
		1C5D3E5C1DADCC1E008529C0 /* PBXContainerItemProxy */ = {
			isa = PBXContainerItemProxy;
			containerPortal = 1C5D3E2F1DADCC1E008529C0 /* Project object */;
			proxyType = 1;
			remoteGlobalIDString = 1C5D3E361DADCC1E008529C0;
			remoteInfo = BearUp;
		};
/* End PBXContainerItemProxy section */

/* Begin PBXFileReference section */
		1C5CF0811DB069A4002D8A05 /* LeftDrawerTableViewCell.h */ = {isa = PBXFileReference; fileEncoding = 4; lastKnownFileType = sourcecode.c.h; path = LeftDrawerTableViewCell.h; sourceTree = "<group>"; };
		1C5CF0821DB069A4002D8A05 /* LeftDrawerTableViewCell.m */ = {isa = PBXFileReference; fileEncoding = 4; lastKnownFileType = sourcecode.c.objc; path = LeftDrawerTableViewCell.m; sourceTree = "<group>"; };
		1C5D3E371DADCC1E008529C0 /* BearUp.app */ = {isa = PBXFileReference; explicitFileType = wrapper.application; includeInIndex = 0; path = BearUp.app; sourceTree = BUILT_PRODUCTS_DIR; };
		1C5D3E3B1DADCC1E008529C0 /* main.m */ = {isa = PBXFileReference; lastKnownFileType = sourcecode.c.objc; path = main.m; sourceTree = "<group>"; };
		1C5D3E3D1DADCC1E008529C0 /* AppDelegate.h */ = {isa = PBXFileReference; lastKnownFileType = sourcecode.c.h; path = AppDelegate.h; sourceTree = "<group>"; };
		1C5D3E3E1DADCC1E008529C0 /* AppDelegate.m */ = {isa = PBXFileReference; lastKnownFileType = sourcecode.c.objc; path = AppDelegate.m; sourceTree = "<group>"; };
		1C5D3E401DADCC1E008529C0 /* ViewController.h */ = {isa = PBXFileReference; lastKnownFileType = sourcecode.c.h; path = ViewController.h; sourceTree = "<group>"; };
		1C5D3E411DADCC1E008529C0 /* ViewController.m */ = {isa = PBXFileReference; lastKnownFileType = sourcecode.c.objc; path = ViewController.m; sourceTree = "<group>"; };
		1C5D3E441DADCC1E008529C0 /* Base */ = {isa = PBXFileReference; lastKnownFileType = file.storyboard; name = Base; path = Base.lproj/Main.storyboard; sourceTree = "<group>"; };
		1C5D3E461DADCC1E008529C0 /* Assets.xcassets */ = {isa = PBXFileReference; lastKnownFileType = folder.assetcatalog; path = Assets.xcassets; sourceTree = "<group>"; };
		1C5D3E491DADCC1E008529C0 /* Base */ = {isa = PBXFileReference; lastKnownFileType = file.storyboard; name = Base; path = Base.lproj/LaunchScreen.storyboard; sourceTree = "<group>"; };
		1C5D3E4B1DADCC1E008529C0 /* Info.plist */ = {isa = PBXFileReference; lastKnownFileType = text.plist.xml; path = Info.plist; sourceTree = "<group>"; };
		1C5D3E501DADCC1E008529C0 /* BearUpTests.xctest */ = {isa = PBXFileReference; explicitFileType = wrapper.cfbundle; includeInIndex = 0; path = BearUpTests.xctest; sourceTree = BUILT_PRODUCTS_DIR; };
		1C5D3E541DADCC1E008529C0 /* BearUpTests.m */ = {isa = PBXFileReference; lastKnownFileType = sourcecode.c.objc; path = BearUpTests.m; sourceTree = "<group>"; };
		1C5D3E561DADCC1E008529C0 /* Info.plist */ = {isa = PBXFileReference; lastKnownFileType = text.plist.xml; path = Info.plist; sourceTree = "<group>"; };
		1C5D3E5B1DADCC1E008529C0 /* BearUpUITests.xctest */ = {isa = PBXFileReference; explicitFileType = wrapper.cfbundle; includeInIndex = 0; path = BearUpUITests.xctest; sourceTree = BUILT_PRODUCTS_DIR; };
		1C5D3E5F1DADCC1E008529C0 /* BearUpUITests.m */ = {isa = PBXFileReference; lastKnownFileType = sourcecode.c.objc; path = BearUpUITests.m; sourceTree = "<group>"; };
		1C5D3E611DADCC1E008529C0 /* Info.plist */ = {isa = PBXFileReference; lastKnownFileType = text.plist.xml; path = Info.plist; sourceTree = "<group>"; };
		1C5D3E6E1DADD289008529C0 /* BaseNavigationController.h */ = {isa = PBXFileReference; fileEncoding = 4; lastKnownFileType = sourcecode.c.h; path = BaseNavigationController.h; sourceTree = "<group>"; };
		1C5D3E6F1DADD289008529C0 /* BaseNavigationController.m */ = {isa = PBXFileReference; fileEncoding = 4; lastKnownFileType = sourcecode.c.objc; path = BaseNavigationController.m; sourceTree = "<group>"; };
		1C5D3E711DADD2B0008529C0 /* BaseViewController.h */ = {isa = PBXFileReference; fileEncoding = 4; lastKnownFileType = sourcecode.c.h; path = BaseViewController.h; sourceTree = "<group>"; };
		1C5D3E721DADD2B0008529C0 /* BaseViewController.m */ = {isa = PBXFileReference; fileEncoding = 4; lastKnownFileType = sourcecode.c.objc; path = BaseViewController.m; sourceTree = "<group>"; };
		1C5D3E751DADD550008529C0 /* BearUp-PrefixHeader.pch */ = {isa = PBXFileReference; lastKnownFileType = sourcecode.c.h; path = "BearUp-PrefixHeader.pch"; sourceTree = "<group>"; };
		1C5D3E771DADDCFD008529C0 /* HomeDrawerViewController.h */ = {isa = PBXFileReference; fileEncoding = 4; lastKnownFileType = sourcecode.c.h; path = HomeDrawerViewController.h; sourceTree = "<group>"; };
		1C5D3E781DADDCFD008529C0 /* HomeDrawerViewController.m */ = {isa = PBXFileReference; fileEncoding = 4; lastKnownFileType = sourcecode.c.objc; path = HomeDrawerViewController.m; sourceTree = "<group>"; };
		1C5D3E7A1DADE170008529C0 /* LeftDrawerViewController.h */ = {isa = PBXFileReference; fileEncoding = 4; lastKnownFileType = sourcecode.c.h; path = LeftDrawerViewController.h; sourceTree = "<group>"; };
		1C5D3E7B1DADE171008529C0 /* LeftDrawerViewController.m */ = {isa = PBXFileReference; fileEncoding = 4; lastKnownFileType = sourcecode.c.objc; path = LeftDrawerViewController.m; sourceTree = "<group>"; };
		1C5D3E7D1DADE184008529C0 /* RightDrawerViewController.h */ = {isa = PBXFileReference; fileEncoding = 4; lastKnownFileType = sourcecode.c.h; path = RightDrawerViewController.h; sourceTree = "<group>"; };
		1C5D3E7E1DADE184008529C0 /* RightDrawerViewController.m */ = {isa = PBXFileReference; fileEncoding = 4; lastKnownFileType = sourcecode.c.objc; path = RightDrawerViewController.m; sourceTree = "<group>"; };
		1C5D3E861DAE34B0008529C0 /* MMExampleDrawerVisualStateManager.h */ = {isa = PBXFileReference; fileEncoding = 4; lastKnownFileType = sourcecode.c.h; path = MMExampleDrawerVisualStateManager.h; sourceTree = "<group>"; };
		1C5D3E871DAE34B0008529C0 /* MMExampleDrawerVisualStateManager.m */ = {isa = PBXFileReference; fileEncoding = 4; lastKnownFileType = sourcecode.c.objc; path = MMExampleDrawerVisualStateManager.m; sourceTree = "<group>"; };
		1C69CDDF1DBDB96F00A66752 /* LHTTPManager.h */ = {isa = PBXFileReference; fileEncoding = 4; lastKnownFileType = sourcecode.c.h; path = LHTTPManager.h; sourceTree = "<group>"; };
		1C69CDE01DBDB96F00A66752 /* LHTTPManager.m */ = {isa = PBXFileReference; fileEncoding = 4; lastKnownFileType = sourcecode.c.objc; path = LHTTPManager.m; sourceTree = "<group>"; };
		1C78FFE21DBF07400012F1CA /* AVFoundation.framework */ = {isa = PBXFileReference; lastKnownFileType = wrapper.framework; name = AVFoundation.framework; path = System/Library/Frameworks/AVFoundation.framework; sourceTree = SDKROOT; };
		1C78FFE41DBF335F0012F1CA /* HomeCellModel.h */ = {isa = PBXFileReference; fileEncoding = 4; lastKnownFileType = sourcecode.c.h; path = HomeCellModel.h; sourceTree = "<group>"; };
		1C78FFE51DBF335F0012F1CA /* HomeCellModel.m */ = {isa = PBXFileReference; fileEncoding = 4; lastKnownFileType = sourcecode.c.objc; path = HomeCellModel.m; sourceTree = "<group>"; };
		1C79B8761DAF213700B5AFC5 /* TitleView.h */ = {isa = PBXFileReference; fileEncoding = 4; lastKnownFileType = sourcecode.c.h; path = TitleView.h; sourceTree = "<group>"; };
		1C79B8771DAF213700B5AFC5 /* TitleView.m */ = {isa = PBXFileReference; fileEncoding = 4; lastKnownFileType = sourcecode.c.objc; path = TitleView.m; sourceTree = "<group>"; };
		1C79B8791DAF219900B5AFC5 /* UIViewExt.h */ = {isa = PBXFileReference; fileEncoding = 4; lastKnownFileType = sourcecode.c.h; path = UIViewExt.h; sourceTree = "<group>"; };
		1C79B87A1DAF219900B5AFC5 /* UIViewExt.m */ = {isa = PBXFileReference; fileEncoding = 4; lastKnownFileType = sourcecode.c.objc; path = UIViewExt.m; sourceTree = "<group>"; };
		1C79B8831DAF2E7500B5AFC5 /* HomeViewController.h */ = {isa = PBXFileReference; fileEncoding = 4; lastKnownFileType = sourcecode.c.h; path = HomeViewController.h; sourceTree = "<group>"; };
		1C79B8841DAF2E7500B5AFC5 /* HomeViewController.m */ = {isa = PBXFileReference; fileEncoding = 4; lastKnownFileType = sourcecode.c.objc; path = HomeViewController.m; sourceTree = "<group>"; };
		1C79B8861DAF30BE00B5AFC5 /* PMingLiU.ttf */ = {isa = PBXFileReference; lastKnownFileType = file; path = PMingLiU.ttf; sourceTree = "<group>"; };
		1C79B8881DAF331600B5AFC5 /* LaunchViewController.h */ = {isa = PBXFileReference; fileEncoding = 4; lastKnownFileType = sourcecode.c.h; path = LaunchViewController.h; sourceTree = "<group>"; };
		1C79B8891DAF331600B5AFC5 /* LaunchViewController.m */ = {isa = PBXFileReference; fileEncoding = 4; lastKnownFileType = sourcecode.c.objc; path = LaunchViewController.m; sourceTree = "<group>"; };
		1C79B88B1DAF545200B5AFC5 /* Images.xcassets */ = {isa = PBXFileReference; lastKnownFileType = folder.assetcatalog; path = Images.xcassets; sourceTree = "<group>"; };
		1C7F11321DB47E75008A259F /* HomeCollectionViewCell.h */ = {isa = PBXFileReference; fileEncoding = 4; lastKnownFileType = sourcecode.c.h; path = HomeCollectionViewCell.h; sourceTree = "<group>"; };
		1C7F11331DB47E75008A259F /* HomeCollectionViewCell.m */ = {isa = PBXFileReference; fileEncoding = 4; lastKnownFileType = sourcecode.c.objc; path = HomeCollectionViewCell.m; sourceTree = "<group>"; };
		1C7F11361DB49D3D008A259F /* LTHTTPSessionManager.h */ = {isa = PBXFileReference; fileEncoding = 4; lastKnownFileType = sourcecode.c.h; path = LTHTTPSessionManager.h; sourceTree = "<group>"; };
		1C7F11371DB49D3D008A259F /* LTHTTPSessionManager.m */ = {isa = PBXFileReference; fileEncoding = 4; lastKnownFileType = sourcecode.c.objc; path = LTHTTPSessionManager.m; sourceTree = "<group>"; };
		1C84E6A11DB9F74C00C49B9A /* refresh_1.gif */ = {isa = PBXFileReference; lastKnownFileType = image.gif; path = refresh_1.gif; sourceTree = "<group>"; };
		1C84E6A31DB9F75500C49B9A /* refresh_2.gif */ = {isa = PBXFileReference; lastKnownFileType = image.gif; path = refresh_2.gif; sourceTree = "<group>"; };
		1C95E88A1DB85E9D00673E4C /* OtherViewController.h */ = {isa = PBXFileReference; fileEncoding = 4; lastKnownFileType = sourcecode.c.h; path = OtherViewController.h; sourceTree = "<group>"; };
		1C95E88B1DB85E9D00673E4C /* OtherViewController.m */ = {isa = PBXFileReference; fileEncoding = 4; lastKnownFileType = sourcecode.c.objc; path = OtherViewController.m; sourceTree = "<group>"; };
		1C95E88F1DB860D800673E4C /* OtherTableViewCell.h */ = {isa = PBXFileReference; fileEncoding = 4; lastKnownFileType = sourcecode.c.h; path = OtherTableViewCell.h; sourceTree = "<group>"; };
		1C95E8901DB860D800673E4C /* OtherTableViewCell.m */ = {isa = PBXFileReference; fileEncoding = 4; lastKnownFileType = sourcecode.c.objc; path = OtherTableViewCell.m; sourceTree = "<group>"; };
		96602C5D5001829DAA8D8AD5 /* Pods-BearUp.debug.xcconfig */ = {isa = PBXFileReference; includeInIndex = 1; lastKnownFileType = text.xcconfig; name = "Pods-BearUp.debug.xcconfig"; path = "Pods/Target Support Files/Pods-BearUp/Pods-BearUp.debug.xcconfig"; sourceTree = "<group>"; };
		9CF4F0F4E24C1BF92F486E35 /* Pods-BearUp.release.xcconfig */ = {isa = PBXFileReference; includeInIndex = 1; lastKnownFileType = text.xcconfig; name = "Pods-BearUp.release.xcconfig"; path = "Pods/Target Support Files/Pods-BearUp/Pods-BearUp.release.xcconfig"; sourceTree = "<group>"; };
		E4161CD937EBED28FA5F69BC /* libPods-BearUp.a */ = {isa = PBXFileReference; explicitFileType = archive.ar; includeInIndex = 0; path = "libPods-BearUp.a"; sourceTree = BUILT_PRODUCTS_DIR; };
/* End PBXFileReference section */

/* Begin PBXFrameworksBuildPhase section */
		1C5D3E341DADCC1E008529C0 /* Frameworks */ = {
			isa = PBXFrameworksBuildPhase;
			buildActionMask = 2147483647;
			files = (
				1C78FFE31DBF07400012F1CA /* AVFoundation.framework in Frameworks */,
				5C4295645C0EF67F394DA58B /* libPods-BearUp.a in Frameworks */,
			);
			runOnlyForDeploymentPostprocessing = 0;
		};
		1C5D3E4D1DADCC1E008529C0 /* Frameworks */ = {
			isa = PBXFrameworksBuildPhase;
			buildActionMask = 2147483647;
			files = (
			);
			runOnlyForDeploymentPostprocessing = 0;
		};
		1C5D3E581DADCC1E008529C0 /* Frameworks */ = {
			isa = PBXFrameworksBuildPhase;
			buildActionMask = 2147483647;
			files = (
			);
			runOnlyForDeploymentPostprocessing = 0;
		};
/* End PBXFrameworksBuildPhase section */

/* Begin PBXGroup section */
		1104121AAFD6F5650AA6591D /* Pods */ = {
			isa = PBXGroup;
			children = (
				96602C5D5001829DAA8D8AD5 /* Pods-BearUp.debug.xcconfig */,
				9CF4F0F4E24C1BF92F486E35 /* Pods-BearUp.release.xcconfig */,
			);
			name = Pods;
			sourceTree = "<group>";
		};
		1C5CF07F1DB068FE002D8A05 /* Controller */ = {
			isa = PBXGroup;
			children = (
				1C5D3E7A1DADE170008529C0 /* LeftDrawerViewController.h */,
				1C5D3E7B1DADE171008529C0 /* LeftDrawerViewController.m */,
			);
			name = Controller;
			sourceTree = "<group>";
		};
		1C5CF0801DB06911002D8A05 /* View */ = {
			isa = PBXGroup;
			children = (
				1C5CF0811DB069A4002D8A05 /* LeftDrawerTableViewCell.h */,
				1C5CF0821DB069A4002D8A05 /* LeftDrawerTableViewCell.m */,
			);
			name = View;
			sourceTree = "<group>";
		};
		1C5D3E2E1DADCC1E008529C0 = {
			isa = PBXGroup;
			children = (
				1C5D3E391DADCC1E008529C0 /* BearUp */,
				1C5D3E531DADCC1E008529C0 /* BearUpTests */,
				1C5D3E5E1DADCC1E008529C0 /* BearUpUITests */,
				1C5D3E381DADCC1E008529C0 /* Products */,
				1104121AAFD6F5650AA6591D /* Pods */,
				E919BF8A8E3DA742A9DFBB96 /* Frameworks */,
			);
			sourceTree = "<group>";
		};
		1C5D3E381DADCC1E008529C0 /* Products */ = {
			isa = PBXGroup;
			children = (
				1C5D3E371DADCC1E008529C0 /* BearUp.app */,
				1C5D3E501DADCC1E008529C0 /* BearUpTests.xctest */,
				1C5D3E5B1DADCC1E008529C0 /* BearUpUITests.xctest */,
			);
			name = Products;
			sourceTree = "<group>";
		};
		1C5D3E391DADCC1E008529C0 /* BearUp */ = {
			isa = PBXGroup;
			children = (
				1C95E8891DB85D6B00673E4C /* Other */,
				1C7F11351DB49D2B008A259F /* Network */,
				1C79B87C1DAF220400B5AFC5 /* Home */,
				1C79B8921DAF720F00B5AFC5 /* RightDrawer */,
				1C79B8911DAF720500B5AFC5 /* LeftDrawer */,
				1C79B8871DAF330000B5AFC5 /* Launch */,
				1C5D3E761DADDCB0008529C0 /* Drawer */,
				1C5D3E6D1DADD136008529C0 /* Base */,
				1C5D3E3D1DADCC1E008529C0 /* AppDelegate.h */,
				1C5D3E3E1DADCC1E008529C0 /* AppDelegate.m */,
				1C5D3E401DADCC1E008529C0 /* ViewController.h */,
				1C5D3E411DADCC1E008529C0 /* ViewController.m */,
				1C5D3E431DADCC1E008529C0 /* Main.storyboard */,
				1C5D3E461DADCC1E008529C0 /* Assets.xcassets */,
				1C5D3E481DADCC1E008529C0 /* LaunchScreen.storyboard */,
				1C5D3E4B1DADCC1E008529C0 /* Info.plist */,
				1C79B88B1DAF545200B5AFC5 /* Images.xcassets */,
				1C5D3E3A1DADCC1E008529C0 /* Supporting Files */,
			);
			path = BearUp;
			sourceTree = "<group>";
		};
		1C5D3E3A1DADCC1E008529C0 /* Supporting Files */ = {
			isa = PBXGroup;
			children = (
				1C84E6A11DB9F74C00C49B9A /* refresh_1.gif */,
				1C84E6A31DB9F75500C49B9A /* refresh_2.gif */,
				1C79B8791DAF219900B5AFC5 /* UIViewExt.h */,
				1C79B87A1DAF219900B5AFC5 /* UIViewExt.m */,
				1C5D3E3B1DADCC1E008529C0 /* main.m */,
				1C5D3E751DADD550008529C0 /* BearUp-PrefixHeader.pch */,
				1C79B8861DAF30BE00B5AFC5 /* PMingLiU.ttf */,
			);
			name = "Supporting Files";
			sourceTree = "<group>";
		};
		1C5D3E531DADCC1E008529C0 /* BearUpTests */ = {
			isa = PBXGroup;
			children = (
				1C5D3E541DADCC1E008529C0 /* BearUpTests.m */,
				1C5D3E561DADCC1E008529C0 /* Info.plist */,
			);
			path = BearUpTests;
			sourceTree = "<group>";
		};
		1C5D3E5E1DADCC1E008529C0 /* BearUpUITests */ = {
			isa = PBXGroup;
			children = (
				1C5D3E5F1DADCC1E008529C0 /* BearUpUITests.m */,
				1C5D3E611DADCC1E008529C0 /* Info.plist */,
			);
			path = BearUpUITests;
			sourceTree = "<group>";
		};
		1C5D3E6D1DADD136008529C0 /* Base */ = {
			isa = PBXGroup;
			children = (
				1C5D3E6E1DADD289008529C0 /* BaseNavigationController.h */,
				1C5D3E6F1DADD289008529C0 /* BaseNavigationController.m */,
				1C5D3E711DADD2B0008529C0 /* BaseViewController.h */,
				1C5D3E721DADD2B0008529C0 /* BaseViewController.m */,
			);
			name = Base;
			sourceTree = "<group>";
		};
		1C5D3E761DADDCB0008529C0 /* Drawer */ = {
			isa = PBXGroup;
			children = (
				1C5D3E861DAE34B0008529C0 /* MMExampleDrawerVisualStateManager.h */,
				1C5D3E871DAE34B0008529C0 /* MMExampleDrawerVisualStateManager.m */,
				1C5D3E771DADDCFD008529C0 /* HomeDrawerViewController.h */,
				1C5D3E781DADDCFD008529C0 /* HomeDrawerViewController.m */,
			);
			name = Drawer;
			sourceTree = "<group>";
		};
		1C79B87C1DAF220400B5AFC5 /* Home */ = {
			isa = PBXGroup;
			children = (
				1C79B8901DAF71E900B5AFC5 /* Model */,
				1C79B88F1DAF71DE00B5AFC5 /* Controller */,
				1C79B88E1DAF71D500B5AFC5 /* View */,
			);
			name = Home;
			sourceTree = "<group>";
		};
		1C79B8871DAF330000B5AFC5 /* Launch */ = {
			isa = PBXGroup;
			children = (
				1C79B8881DAF331600B5AFC5 /* LaunchViewController.h */,
				1C79B8891DAF331600B5AFC5 /* LaunchViewController.m */,
			);
			name = Launch;
			sourceTree = "<group>";
		};
		1C79B88E1DAF71D500B5AFC5 /* View */ = {
			isa = PBXGroup;
			children = (
				1C79B8761DAF213700B5AFC5 /* TitleView.h */,
				1C79B8771DAF213700B5AFC5 /* TitleView.m */,
				1C7F11321DB47E75008A259F /* HomeCollectionViewCell.h */,
				1C7F11331DB47E75008A259F /* HomeCollectionViewCell.m */,
			);
			name = View;
			sourceTree = "<group>";
		};
		1C79B88F1DAF71DE00B5AFC5 /* Controller */ = {
			isa = PBXGroup;
			children = (
				1C79B8831DAF2E7500B5AFC5 /* HomeViewController.h */,
				1C79B8841DAF2E7500B5AFC5 /* HomeViewController.m */,
			);
			name = Controller;
			sourceTree = "<group>";
		};
		1C79B8901DAF71E900B5AFC5 /* Model */ = {
			isa = PBXGroup;
			children = (
				1C78FFE41DBF335F0012F1CA /* HomeCellModel.h */,
				1C78FFE51DBF335F0012F1CA /* HomeCellModel.m */,
			);
			name = Model;
			sourceTree = "<group>";
		};
		1C79B8911DAF720500B5AFC5 /* LeftDrawer */ = {
			isa = PBXGroup;
			children = (
				1C5CF0801DB06911002D8A05 /* View */,
				1C5CF07F1DB068FE002D8A05 /* Controller */,
			);
			name = LeftDrawer;
			sourceTree = "<group>";
		};
		1C79B8921DAF720F00B5AFC5 /* RightDrawer */ = {
			isa = PBXGroup;
			children = (
				1C79B8961DAF72AE00B5AFC5 /* Model */,
				1C79B8951DAF72A500B5AFC5 /* View */,
				1C79B8931DAF726F00B5AFC5 /* Controller */,
			);
			name = RightDrawer;
			sourceTree = "<group>";
		};
		1C79B8931DAF726F00B5AFC5 /* Controller */ = {
			isa = PBXGroup;
			children = (
				1C5D3E7D1DADE184008529C0 /* RightDrawerViewController.h */,
				1C5D3E7E1DADE184008529C0 /* RightDrawerViewController.m */,
			);
			name = Controller;
			sourceTree = "<group>";
		};
		1C79B8951DAF72A500B5AFC5 /* View */ = {
			isa = PBXGroup;
			children = (
			);
			name = View;
			sourceTree = "<group>";
		};
		1C79B8961DAF72AE00B5AFC5 /* Model */ = {
			isa = PBXGroup;
			children = (
			);
			name = Model;
			sourceTree = "<group>";
		};
		1C7F11351DB49D2B008A259F /* Network */ = {
			isa = PBXGroup;
			children = (
				1C7F11361DB49D3D008A259F /* LTHTTPSessionManager.h */,
				1C7F11371DB49D3D008A259F /* LTHTTPSessionManager.m */,
				1C69CDDF1DBDB96F00A66752 /* LHTTPManager.h */,
				1C69CDE01DBDB96F00A66752 /* LHTTPManager.m */,
			);
			name = Network;
			sourceTree = "<group>";
		};
		1C95E8891DB85D6B00673E4C /* Other */ = {
			isa = PBXGroup;
			children = (
				1C95E88E1DB860B900673E4C /* View */,
				1C95E88D1DB860AA00673E4C /* Controller */,
			);
			name = Other;
			sourceTree = "<group>";
		};
		1C95E88D1DB860AA00673E4C /* Controller */ = {
			isa = PBXGroup;
			children = (
				1C95E88A1DB85E9D00673E4C /* OtherViewController.h */,
				1C95E88B1DB85E9D00673E4C /* OtherViewController.m */,
			);
			name = Controller;
			sourceTree = "<group>";
		};
		1C95E88E1DB860B900673E4C /* View */ = {
			isa = PBXGroup;
			children = (
				1C95E88F1DB860D800673E4C /* OtherTableViewCell.h */,
				1C95E8901DB860D800673E4C /* OtherTableViewCell.m */,
			);
			name = View;
			sourceTree = "<group>";
		};
		E919BF8A8E3DA742A9DFBB96 /* Frameworks */ = {
			isa = PBXGroup;
			children = (
				1C78FFE21DBF07400012F1CA /* AVFoundation.framework */,
				E4161CD937EBED28FA5F69BC /* libPods-BearUp.a */,
			);
			name = Frameworks;
			sourceTree = "<group>";
		};
/* End PBXGroup section */

/* Begin PBXNativeTarget section */
		1C5D3E361DADCC1E008529C0 /* BearUp */ = {
			isa = PBXNativeTarget;
			buildConfigurationList = 1C5D3E641DADCC1E008529C0 /* Build configuration list for PBXNativeTarget "BearUp" */;
			buildPhases = (
				4D8E90CFA449B2DB1C81D6D2 /* [CP] Check Pods Manifest.lock */,
				1C5D3E331DADCC1E008529C0 /* Sources */,
				1C5D3E341DADCC1E008529C0 /* Frameworks */,
				1C5D3E351DADCC1E008529C0 /* Resources */,
				FE9DB4124B70B0497AA281BF /* [CP] Embed Pods Frameworks */,
				81BA823E4AF1A5A579AE5208 /* [CP] Copy Pods Resources */,
			);
			buildRules = (
			);
			dependencies = (
			);
			name = BearUp;
			productName = BearUp;
			productReference = 1C5D3E371DADCC1E008529C0 /* BearUp.app */;
			productType = "com.apple.product-type.application";
		};
		1C5D3E4F1DADCC1E008529C0 /* BearUpTests */ = {
			isa = PBXNativeTarget;
			buildConfigurationList = 1C5D3E671DADCC1E008529C0 /* Build configuration list for PBXNativeTarget "BearUpTests" */;
			buildPhases = (
				1C5D3E4C1DADCC1E008529C0 /* Sources */,
				1C5D3E4D1DADCC1E008529C0 /* Frameworks */,
				1C5D3E4E1DADCC1E008529C0 /* Resources */,
			);
			buildRules = (
			);
			dependencies = (
				1C5D3E521DADCC1E008529C0 /* PBXTargetDependency */,
			);
			name = BearUpTests;
			productName = BearUpTests;
			productReference = 1C5D3E501DADCC1E008529C0 /* BearUpTests.xctest */;
			productType = "com.apple.product-type.bundle.unit-test";
		};
		1C5D3E5A1DADCC1E008529C0 /* BearUpUITests */ = {
			isa = PBXNativeTarget;
			buildConfigurationList = 1C5D3E6A1DADCC1E008529C0 /* Build configuration list for PBXNativeTarget "BearUpUITests" */;
			buildPhases = (
				1C5D3E571DADCC1E008529C0 /* Sources */,
				1C5D3E581DADCC1E008529C0 /* Frameworks */,
				1C5D3E591DADCC1E008529C0 /* Resources */,
			);
			buildRules = (
			);
			dependencies = (
				1C5D3E5D1DADCC1E008529C0 /* PBXTargetDependency */,
			);
			name = BearUpUITests;
			productName = BearUpUITests;
			productReference = 1C5D3E5B1DADCC1E008529C0 /* BearUpUITests.xctest */;
			productType = "com.apple.product-type.bundle.ui-testing";
		};
/* End PBXNativeTarget section */

/* Begin PBXProject section */
		1C5D3E2F1DADCC1E008529C0 /* Project object */ = {
			isa = PBXProject;
			attributes = {
				LastUpgradeCheck = 0800;
				ORGANIZATIONNAME = Lee2Go;
				TargetAttributes = {
					1C5D3E361DADCC1E008529C0 = {
						CreatedOnToolsVersion = 8.0;
						DevelopmentTeam = 5VFC77CT8S;
						ProvisioningStyle = Automatic;
					};
					1C5D3E4F1DADCC1E008529C0 = {
						CreatedOnToolsVersion = 8.0;
						DevelopmentTeam = 2S69QY28US;
						ProvisioningStyle = Automatic;
						TestTargetID = 1C5D3E361DADCC1E008529C0;
					};
					1C5D3E5A1DADCC1E008529C0 = {
						CreatedOnToolsVersion = 8.0;
						DevelopmentTeam = 2S69QY28US;
						ProvisioningStyle = Automatic;
						TestTargetID = 1C5D3E361DADCC1E008529C0;
					};
				};
			};
			buildConfigurationList = 1C5D3E321DADCC1E008529C0 /* Build configuration list for PBXProject "BearUp" */;
			compatibilityVersion = "Xcode 3.2";
			developmentRegion = English;
			hasScannedForEncodings = 0;
			knownRegions = (
				en,
				Base,
			);
			mainGroup = 1C5D3E2E1DADCC1E008529C0;
			productRefGroup = 1C5D3E381DADCC1E008529C0 /* Products */;
			projectDirPath = "";
			projectRoot = "";
			targets = (
				1C5D3E361DADCC1E008529C0 /* BearUp */,
				1C5D3E4F1DADCC1E008529C0 /* BearUpTests */,
				1C5D3E5A1DADCC1E008529C0 /* BearUpUITests */,
			);
		};
/* End PBXProject section */

/* Begin PBXResourcesBuildPhase section */
		1C5D3E351DADCC1E008529C0 /* Resources */ = {
			isa = PBXResourcesBuildPhase;
			buildActionMask = 2147483647;
			files = (
				1C79B88D1DAF67A400B5AFC5 /* PMingLiU.ttf in Resources */,
				1C5D3E4A1DADCC1E008529C0 /* LaunchScreen.storyboard in Resources */,
				1C84E6A21DB9F74C00C49B9A /* refresh_1.gif in Resources */,
				1C79B88C1DAF545200B5AFC5 /* Images.xcassets in Resources */,
				1C84E6A41DB9F75500C49B9A /* refresh_2.gif in Resources */,
				1C5D3E471DADCC1E008529C0 /* Assets.xcassets in Resources */,
				1C5D3E451DADCC1E008529C0 /* Main.storyboard in Resources */,
			);
			runOnlyForDeploymentPostprocessing = 0;
		};
		1C5D3E4E1DADCC1E008529C0 /* Resources */ = {
			isa = PBXResourcesBuildPhase;
			buildActionMask = 2147483647;
			files = (
			);
			runOnlyForDeploymentPostprocessing = 0;
		};
		1C5D3E591DADCC1E008529C0 /* Resources */ = {
			isa = PBXResourcesBuildPhase;
			buildActionMask = 2147483647;
			files = (
			);
			runOnlyForDeploymentPostprocessing = 0;
		};
/* End PBXResourcesBuildPhase section */

/* Begin PBXShellScriptBuildPhase section */
		4D8E90CFA449B2DB1C81D6D2 /* [CP] Check Pods Manifest.lock */ = {
			isa = PBXShellScriptBuildPhase;
			buildActionMask = 2147483647;
			files = (
			);
			inputPaths = (
			);
			name = "[CP] Check Pods Manifest.lock";
			outputPaths = (
			);
			runOnlyForDeploymentPostprocessing = 0;
			shellPath = /bin/sh;
			shellScript = "diff \"${PODS_ROOT}/../Podfile.lock\" \"${PODS_ROOT}/Manifest.lock\" > /dev/null\nif [[ $? != 0 ]] ; then\n    cat << EOM\nerror: The sandbox is not in sync with the Podfile.lock. Run 'pod install' or update your CocoaPods installation.\nEOM\n    exit 1\nfi\n";
			showEnvVarsInLog = 0;
		};
		81BA823E4AF1A5A579AE5208 /* [CP] Copy Pods Resources */ = {
			isa = PBXShellScriptBuildPhase;
			buildActionMask = 2147483647;
			files = (
			);
			inputPaths = (
			);
			name = "[CP] Copy Pods Resources";
			outputPaths = (
			);
			runOnlyForDeploymentPostprocessing = 0;
			shellPath = /bin/sh;
			shellScript = "\"${SRCROOT}/Pods/Target Support Files/Pods-BearUp/Pods-BearUp-resources.sh\"\n";
			showEnvVarsInLog = 0;
		};
		FE9DB4124B70B0497AA281BF /* [CP] Embed Pods Frameworks */ = {
			isa = PBXShellScriptBuildPhase;
			buildActionMask = 2147483647;
			files = (
			);
			inputPaths = (
			);
			name = "[CP] Embed Pods Frameworks";
			outputPaths = (
			);
			runOnlyForDeploymentPostprocessing = 0;
			shellPath = /bin/sh;
			shellScript = "\"${SRCROOT}/Pods/Target Support Files/Pods-BearUp/Pods-BearUp-frameworks.sh\"\n";
			showEnvVarsInLog = 0;
		};
/* End PBXShellScriptBuildPhase section */

/* Begin PBXSourcesBuildPhase section */
		1C5D3E331DADCC1E008529C0 /* Sources */ = {
			isa = PBXSourcesBuildPhase;
			buildActionMask = 2147483647;
			files = (
				1C7F11381DB49D3D008A259F /* LTHTTPSessionManager.m in Sources */,
				1C5D3E7F1DADE184008529C0 /* RightDrawerViewController.m in Sources */,
				1C5CF0831DB069A4002D8A05 /* LeftDrawerTableViewCell.m in Sources */,
				1C5D3E881DAE34B0008529C0 /* MMExampleDrawerVisualStateManager.m in Sources */,
				1C69CDE11DBDB96F00A66752 /* LHTTPManager.m in Sources */,
				1C79B87B1DAF219900B5AFC5 /* UIViewExt.m in Sources */,
				1C79B88A1DAF331600B5AFC5 /* LaunchViewController.m in Sources */,
				1C5D3E7C1DADE171008529C0 /* LeftDrawerViewController.m in Sources */,
				1C5D3E791DADDCFD008529C0 /* HomeDrawerViewController.m in Sources */,
				1C95E8911DB860D800673E4C /* OtherTableViewCell.m in Sources */,
				1C5D3E701DADD289008529C0 /* BaseNavigationController.m in Sources */,
				1C5D3E731DADD2B0008529C0 /* BaseViewController.m in Sources */,
				1C78FFE61DBF335F0012F1CA /* HomeCellModel.m in Sources */,
				1C5D3E421DADCC1E008529C0 /* ViewController.m in Sources */,
				1C79B8781DAF213700B5AFC5 /* TitleView.m in Sources */,
				1C95E88C1DB85E9D00673E4C /* OtherViewController.m in Sources */,
				1C5D3E3F1DADCC1E008529C0 /* AppDelegate.m in Sources */,
				1C5D3E3C1DADCC1E008529C0 /* main.m in Sources */,
				1C79B8851DAF2E7500B5AFC5 /* HomeViewController.m in Sources */,
				1C7F11341DB47E75008A259F /* HomeCollectionViewCell.m in Sources */,
			);
			runOnlyForDeploymentPostprocessing = 0;
		};
		1C5D3E4C1DADCC1E008529C0 /* Sources */ = {
			isa = PBXSourcesBuildPhase;
			buildActionMask = 2147483647;
			files = (
				1C5D3E551DADCC1E008529C0 /* BearUpTests.m in Sources */,
			);
			runOnlyForDeploymentPostprocessing = 0;
		};
		1C5D3E571DADCC1E008529C0 /* Sources */ = {
			isa = PBXSourcesBuildPhase;
			buildActionMask = 2147483647;
			files = (
				1C5D3E601DADCC1E008529C0 /* BearUpUITests.m in Sources */,
			);
			runOnlyForDeploymentPostprocessing = 0;
		};
/* End PBXSourcesBuildPhase section */

/* Begin PBXTargetDependency section */
		1C5D3E521DADCC1E008529C0 /* PBXTargetDependency */ = {
			isa = PBXTargetDependency;
			target = 1C5D3E361DADCC1E008529C0 /* BearUp */;
			targetProxy = 1C5D3E511DADCC1E008529C0 /* PBXContainerItemProxy */;
		};
		1C5D3E5D1DADCC1E008529C0 /* PBXTargetDependency */ = {
			isa = PBXTargetDependency;
			target = 1C5D3E361DADCC1E008529C0 /* BearUp */;
			targetProxy = 1C5D3E5C1DADCC1E008529C0 /* PBXContainerItemProxy */;
		};
/* End PBXTargetDependency section */

/* Begin PBXVariantGroup section */
		1C5D3E431DADCC1E008529C0 /* Main.storyboard */ = {
			isa = PBXVariantGroup;
			children = (
				1C5D3E441DADCC1E008529C0 /* Base */,
			);
			name = Main.storyboard;
			sourceTree = "<group>";
		};
		1C5D3E481DADCC1E008529C0 /* LaunchScreen.storyboard */ = {
			isa = PBXVariantGroup;
			children = (
				1C5D3E491DADCC1E008529C0 /* Base */,
			);
			name = LaunchScreen.storyboard;
			sourceTree = "<group>";
		};
/* End PBXVariantGroup section */

/* Begin XCBuildConfiguration section */
		1C5D3E621DADCC1E008529C0 /* Debug */ = {
			isa = XCBuildConfiguration;
			buildSettings = {
				ALWAYS_SEARCH_USER_PATHS = NO;
				CLANG_ANALYZER_NONNULL = YES;
				CLANG_CXX_LANGUAGE_STANDARD = "gnu++0x";
				CLANG_CXX_LIBRARY = "libc++";
				CLANG_ENABLE_MODULES = YES;
				CLANG_ENABLE_OBJC_ARC = YES;
				CLANG_WARN_BOOL_CONVERSION = YES;
				CLANG_WARN_CONSTANT_CONVERSION = YES;
				CLANG_WARN_DIRECT_OBJC_ISA_USAGE = YES_ERROR;
				CLANG_WARN_DOCUMENTATION_COMMENTS = YES;
				CLANG_WARN_EMPTY_BODY = YES;
				CLANG_WARN_ENUM_CONVERSION = YES;
				CLANG_WARN_INFINITE_RECURSION = YES;
				CLANG_WARN_INT_CONVERSION = YES;
				CLANG_WARN_OBJC_ROOT_CLASS = YES_ERROR;
				CLANG_WARN_SUSPICIOUS_MOVES = YES;
				CLANG_WARN_UNREACHABLE_CODE = YES;
				CLANG_WARN__DUPLICATE_METHOD_MATCH = YES;
				"CODE_SIGN_IDENTITY[sdk=iphoneos*]" = "iPhone Developer";
				COPY_PHASE_STRIP = NO;
				DEBUG_INFORMATION_FORMAT = dwarf;
				ENABLE_STRICT_OBJC_MSGSEND = YES;
				ENABLE_TESTABILITY = YES;
				GCC_C_LANGUAGE_STANDARD = gnu99;
				GCC_DYNAMIC_NO_PIC = NO;
				GCC_INCREASE_PRECOMPILED_HEADER_SHARING = NO;
				GCC_NO_COMMON_BLOCKS = YES;
				GCC_OPTIMIZATION_LEVEL = 0;
				GCC_PREPROCESSOR_DEFINITIONS = (
					"DEBUG=1",
					"$(inherited)",
				);
				GCC_WARN_64_TO_32_BIT_CONVERSION = YES;
				GCC_WARN_ABOUT_RETURN_TYPE = YES_ERROR;
				GCC_WARN_UNDECLARED_SELECTOR = YES;
				GCC_WARN_UNINITIALIZED_AUTOS = YES_AGGRESSIVE;
				GCC_WARN_UNUSED_FUNCTION = YES;
				GCC_WARN_UNUSED_VARIABLE = YES;
				IPHONEOS_DEPLOYMENT_TARGET = 10.0;
				MTL_ENABLE_DEBUG_INFO = YES;
				ONLY_ACTIVE_ARCH = YES;
				SDKROOT = iphoneos;
				TARGETED_DEVICE_FAMILY = "1,2";
			};
			name = Debug;
		};
		1C5D3E631DADCC1E008529C0 /* Release */ = {
			isa = XCBuildConfiguration;
			buildSettings = {
				ALWAYS_SEARCH_USER_PATHS = NO;
				CLANG_ANALYZER_NONNULL = YES;
				CLANG_CXX_LANGUAGE_STANDARD = "gnu++0x";
				CLANG_CXX_LIBRARY = "libc++";
				CLANG_ENABLE_MODULES = YES;
				CLANG_ENABLE_OBJC_ARC = YES;
				CLANG_WARN_BOOL_CONVERSION = YES;
				CLANG_WARN_CONSTANT_CONVERSION = YES;
				CLANG_WARN_DIRECT_OBJC_ISA_USAGE = YES_ERROR;
				CLANG_WARN_DOCUMENTATION_COMMENTS = YES;
				CLANG_WARN_EMPTY_BODY = YES;
				CLANG_WARN_ENUM_CONVERSION = YES;
				CLANG_WARN_INFINITE_RECURSION = YES;
				CLANG_WARN_INT_CONVERSION = YES;
				CLANG_WARN_OBJC_ROOT_CLASS = YES_ERROR;
				CLANG_WARN_SUSPICIOUS_MOVES = YES;
				CLANG_WARN_UNREACHABLE_CODE = YES;
				CLANG_WARN__DUPLICATE_METHOD_MATCH = YES;
				"CODE_SIGN_IDENTITY[sdk=iphoneos*]" = "iPhone Developer";
				COPY_PHASE_STRIP = NO;
				DEBUG_INFORMATION_FORMAT = "dwarf-with-dsym";
				ENABLE_NS_ASSERTIONS = NO;
				ENABLE_STRICT_OBJC_MSGSEND = YES;
				GCC_C_LANGUAGE_STANDARD = gnu99;
				GCC_INCREASE_PRECOMPILED_HEADER_SHARING = NO;
				GCC_NO_COMMON_BLOCKS = YES;
				GCC_WARN_64_TO_32_BIT_CONVERSION = YES;
				GCC_WARN_ABOUT_RETURN_TYPE = YES_ERROR;
				GCC_WARN_UNDECLARED_SELECTOR = YES;
				GCC_WARN_UNINITIALIZED_AUTOS = YES_AGGRESSIVE;
				GCC_WARN_UNUSED_FUNCTION = YES;
				GCC_WARN_UNUSED_VARIABLE = YES;
				IPHONEOS_DEPLOYMENT_TARGET = 10.0;
				MTL_ENABLE_DEBUG_INFO = NO;
				SDKROOT = iphoneos;
				TARGETED_DEVICE_FAMILY = "1,2";
				VALIDATE_PRODUCT = YES;
			};
			name = Release;
		};
		1C5D3E651DADCC1E008529C0 /* Debug */ = {
			isa = XCBuildConfiguration;
			baseConfigurationReference = 96602C5D5001829DAA8D8AD5 /* Pods-BearUp.debug.xcconfig */;
			buildSettings = {
				ASSETCATALOG_COMPILER_APPICON_NAME = AppIcon;
				ASSETCATALOG_COMPILER_LAUNCHIMAGE_NAME = LaunchImage;
				"CODE_SIGN_IDENTITY[sdk=iphoneos*]" = "iPhone Developer";
				DEVELOPMENT_TEAM = 5VFC77CT8S;
				GCC_INCREASE_PRECOMPILED_HEADER_SHARING = NO;
				GCC_PREFIX_HEADER = "/Users/taihuitao/BearUp/BearUp/BearUp/BearUp-PrefixHeader.pch";
				INFOPLIST_FILE = BearUp/Info.plist;
				IPHONEOS_DEPLOYMENT_TARGET = 8.0;
				LD_RUNPATH_SEARCH_PATHS = "$(inherited) @executable_path/Frameworks";
				NEW_SETTING = "";
				PRODUCT_BUNDLE_IDENTIFIER = com.tebuy.xiongqi;
				PRODUCT_NAME = "$(TARGET_NAME)";
			};
			name = Debug;
		};
		1C5D3E661DADCC1E008529C0 /* Release */ = {
			isa = XCBuildConfiguration;
			baseConfigurationReference = 9CF4F0F4E24C1BF92F486E35 /* Pods-BearUp.release.xcconfig */;
			buildSettings = {
				ASSETCATALOG_COMPILER_APPICON_NAME = AppIcon;
				ASSETCATALOG_COMPILER_LAUNCHIMAGE_NAME = LaunchImage;
				"CODE_SIGN_IDENTITY[sdk=iphoneos*]" = "iPhone Developer";
				DEVELOPMENT_TEAM = 5VFC77CT8S;
				GCC_INCREASE_PRECOMPILED_HEADER_SHARING = NO;
				GCC_PREFIX_HEADER = "/Users/taihuitao/BearUp/BearUp/BearUp/BearUp-PrefixHeader.pch";
				INFOPLIST_FILE = BearUp/Info.plist;
				IPHONEOS_DEPLOYMENT_TARGET = 8.0;
				LD_RUNPATH_SEARCH_PATHS = "$(inherited) @executable_path/Frameworks";
				NEW_SETTING = "";
				PRODUCT_BUNDLE_IDENTIFIER = com.tebuy.xiongqi;
				PRODUCT_NAME = "$(TARGET_NAME)";
			};
			name = Release;
		};
		1C5D3E681DADCC1E008529C0 /* Debug */ = {
			isa = XCBuildConfiguration;
			buildSettings = {
				BUNDLE_LOADER = "$(TEST_HOST)";
				DEVELOPMENT_TEAM = 2S69QY28US;
				INFOPLIST_FILE = BearUpTests/Info.plist;
				LD_RUNPATH_SEARCH_PATHS = "$(inherited) @executable_path/Frameworks @loader_path/Frameworks";
				PRODUCT_BUNDLE_IDENTIFIER = com.tebuy.BearUpTests;
				PRODUCT_NAME = "$(TARGET_NAME)";
				TEST_HOST = "$(BUILT_PRODUCTS_DIR)/BearUp.app/BearUp";
			};
			name = Debug;
		};
		1C5D3E691DADCC1E008529C0 /* Release */ = {
			isa = XCBuildConfiguration;
			buildSettings = {
				BUNDLE_LOADER = "$(TEST_HOST)";
				DEVELOPMENT_TEAM = 2S69QY28US;
				INFOPLIST_FILE = BearUpTests/Info.plist;
				LD_RUNPATH_SEARCH_PATHS = "$(inherited) @executable_path/Frameworks @loader_path/Frameworks";
				PRODUCT_BUNDLE_IDENTIFIER = com.tebuy.BearUpTests;
				PRODUCT_NAME = "$(TARGET_NAME)";
				TEST_HOST = "$(BUILT_PRODUCTS_DIR)/BearUp.app/BearUp";
			};
			name = Release;
		};
		1C5D3E6B1DADCC1E008529C0 /* Debug */ = {
			isa = XCBuildConfiguration;
			buildSettings = {
				DEVELOPMENT_TEAM = 2S69QY28US;
				INFOPLIST_FILE = BearUpUITests/Info.plist;
				LD_RUNPATH_SEARCH_PATHS = "$(inherited) @executable_path/Frameworks @loader_path/Frameworks";
				PRODUCT_BUNDLE_IDENTIFIER = com.tebuy.BearUpUITests;
				PRODUCT_NAME = "$(TARGET_NAME)";
				TEST_TARGET_NAME = BearUp;
			};
			name = Debug;
		};
		1C5D3E6C1DADCC1E008529C0 /* Release */ = {
			isa = XCBuildConfiguration;
			buildSettings = {
				DEVELOPMENT_TEAM = 2S69QY28US;
				INFOPLIST_FILE = BearUpUITests/Info.plist;
				LD_RUNPATH_SEARCH_PATHS = "$(inherited) @executable_path/Frameworks @loader_path/Frameworks";
				PRODUCT_BUNDLE_IDENTIFIER = com.tebuy.BearUpUITests;
				PRODUCT_NAME = "$(TARGET_NAME)";
				TEST_TARGET_NAME = BearUp;
			};
			name = Release;
		};
/* End XCBuildConfiguration section */

/* Begin XCConfigurationList section */
		1C5D3E321DADCC1E008529C0 /* Build configuration list for PBXProject "BearUp" */ = {
			isa = XCConfigurationList;
			buildConfigurations = (
				1C5D3E621DADCC1E008529C0 /* Debug */,
				1C5D3E631DADCC1E008529C0 /* Release */,
			);
			defaultConfigurationIsVisible = 0;
			defaultConfigurationName = Release;
		};
		1C5D3E641DADCC1E008529C0 /* Build configuration list for PBXNativeTarget "BearUp" */ = {
			isa = XCConfigurationList;
			buildConfigurations = (
				1C5D3E651DADCC1E008529C0 /* Debug */,
				1C5D3E661DADCC1E008529C0 /* Release */,
			);
			defaultConfigurationIsVisible = 0;
			defaultConfigurationName = Release;
		};
		1C5D3E671DADCC1E008529C0 /* Build configuration list for PBXNativeTarget "BearUpTests" */ = {
			isa = XCConfigurationList;
			buildConfigurations = (
				1C5D3E681DADCC1E008529C0 /* Debug */,
				1C5D3E691DADCC1E008529C0 /* Release */,
			);
			defaultConfigurationIsVisible = 0;
			defaultConfigurationName = Release;
		};
		1C5D3E6A1DADCC1E008529C0 /* Build configuration list for PBXNativeTarget "BearUpUITests" */ = {
			isa = XCConfigurationList;
			buildConfigurations = (
				1C5D3E6B1DADCC1E008529C0 /* Debug */,
				1C5D3E6C1DADCC1E008529C0 /* Release */,
			);
			defaultConfigurationIsVisible = 0;
			defaultConfigurationName = Release;
		};
/* End XCConfigurationList section */
	};
	rootObject = 1C5D3E2F1DADCC1E008529C0 /* Project object */;
}
